// !$*UTF8*$!
{
	archiveVersion = 1;
	classes = {
	};
	objectVersion = 46;
	objects = {

/* Begin PBXBuildFile section */
		37648AED1AB7726D006058FE /* Parse.framework in Frameworks */ = {isa = PBXBuildFile; fileRef = 37648AEC1AB7726D006058FE /* Parse.framework */; };
		37648AEF1AB7727F006058FE /* Bolts.framework in Frameworks */ = {isa = PBXBuildFile; fileRef = 37648AEE1AB7727F006058FE /* Bolts.framework */; };
		37648AF11AB772A2006058FE /* Accounts.framework in Frameworks */ = {isa = PBXBuildFile; fileRef = 37648AF01AB772A2006058FE /* Accounts.framework */; };
		37648AF31AB772AD006058FE /* AudioToolbox.framework in Frameworks */ = {isa = PBXBuildFile; fileRef = 37648AF21AB772AD006058FE /* AudioToolbox.framework */; };
		37648AF51AB772B4006058FE /* CFNetwork.framework in Frameworks */ = {isa = PBXBuildFile; fileRef = 37648AF41AB772B4006058FE /* CFNetwork.framework */; };
		37648AF71AB772BD006058FE /* CoreGraphics.framework in Frameworks */ = {isa = PBXBuildFile; fileRef = 37648AF61AB772BD006058FE /* CoreGraphics.framework */; };
		37648AF91AB772C4006058FE /* CoreLocation.framework in Frameworks */ = {isa = PBXBuildFile; fileRef = 37648AF81AB772C4006058FE /* CoreLocation.framework */; };
		37648AFB1AB772CB006058FE /* MobileCoreServices.framework in Frameworks */ = {isa = PBXBuildFile; fileRef = 37648AFA1AB772CB006058FE /* MobileCoreServices.framework */; };
		37648AFD1AB772D2006058FE /* QuartzCore.framework in Frameworks */ = {isa = PBXBuildFile; fileRef = 37648AFC1AB772D2006058FE /* QuartzCore.framework */; };
		37648AFF1AB772D9006058FE /* Security.framework in Frameworks */ = {isa = PBXBuildFile; fileRef = 37648AFE1AB772D9006058FE /* Security.framework */; };
		37648B011AB772E0006058FE /* Social.framework in Frameworks */ = {isa = PBXBuildFile; fileRef = 37648B001AB772E0006058FE /* Social.framework */; };
		37648B031AB772E8006058FE /* StoreKit.framework in Frameworks */ = {isa = PBXBuildFile; fileRef = 37648B021AB772E8006058FE /* StoreKit.framework */; };
		37648B051AB772F1006058FE /* SystemConfiguration.framework in Frameworks */ = {isa = PBXBuildFile; fileRef = 37648B041AB772F1006058FE /* SystemConfiguration.framework */; };
		37648B071AB772FB006058FE /* libz.dylib in Frameworks */ = {isa = PBXBuildFile; fileRef = 37648B061AB772FA006058FE /* libz.dylib */; };
		37648B091AB77303006058FE /* libsqlite3.dylib in Frameworks */ = {isa = PBXBuildFile; fileRef = 37648B081AB77303006058FE /* libsqlite3.dylib */; };
		37648B0E1AB775ED006058FE /* FacebookSDK.framework in Frameworks */ = {isa = PBXBuildFile; fileRef = 37648B0D1AB775ED006058FE /* FacebookSDK.framework */; };
		37648B101AB78132006058FE /* ParseFacebookUtils.framework in Frameworks */ = {isa = PBXBuildFile; fileRef = 37648B0F1AB78132006058FE /* ParseFacebookUtils.framework */; };
		F02877C31AB76A4000000DB7 /* RequestsVC.swift in Sources */ = {isa = PBXBuildFile; fileRef = F02877C21AB76A4000000DB7 /* RequestsVC.swift */; };
		F02877C51AB76A6200000DB7 /* ChatTVC.swift in Sources */ = {isa = PBXBuildFile; fileRef = F02877C41AB76A6200000DB7 /* ChatTVC.swift */; };
		F02877C71AB76AC400000DB7 /* ProfileVC.swift in Sources */ = {isa = PBXBuildFile; fileRef = F02877C61AB76AC400000DB7 /* ProfileVC.swift */; };
		F04BDD2B1AB76385001305C0 /* AppDelegate.swift in Sources */ = {isa = PBXBuildFile; fileRef = F04BDD2A1AB76385001305C0 /* AppDelegate.swift */; };
		F04BDD321AB76385001305C0 /* Main.storyboard in Resources */ = {isa = PBXBuildFile; fileRef = F04BDD301AB76385001305C0 /* Main.storyboard */; };
		F04BDD341AB76385001305C0 /* Images.xcassets in Resources */ = {isa = PBXBuildFile; fileRef = F04BDD331AB76385001305C0 /* Images.xcassets */; };
		F04BDD371AB76385001305C0 /* LaunchScreen.xib in Resources */ = {isa = PBXBuildFile; fileRef = F04BDD351AB76385001305C0 /* LaunchScreen.xib */; };
		F04BDD431AB76385001305C0 /* LocalSharingTests.swift in Sources */ = {isa = PBXBuildFile; fileRef = F04BDD421AB76385001305C0 /* LocalSharingTests.swift */; };
		F0AE96881AB7834E005F36D8 /* LoginVC.swift in Sources */ = {isa = PBXBuildFile; fileRef = F0AE96871AB7834E005F36D8 /* LoginVC.swift */; };
		F0AE968E1AB8A99B005F36D8 /* Request.swift in Sources */ = {isa = PBXBuildFile; fileRef = F0AE968D1AB8A99B005F36D8 /* Request.swift */; };
		F0AE968F1AB8C0B8005F36D8 /* RequestTVCell.swift in Sources */ = {isa = PBXBuildFile; fileRef = F0AE968B1AB88C1D005F36D8 /* RequestTVCell.swift */; };
		F0AE96911AB8CE65005F36D8 /* UserRequestsVC.swift in Sources */ = {isa = PBXBuildFile; fileRef = F0AE96901AB8CE65005F36D8 /* UserRequestsVC.swift */; };
		F0B311751ACC7711003E5558 /* AlertVC.swift in Sources */ = {isa = PBXBuildFile; fileRef = F0B311741ACC7711003E5558 /* AlertVC.swift */; };
		F0B311771ACC905A003E5558 /* DealingVC.swift in Sources */ = {isa = PBXBuildFile; fileRef = F0B311761ACC905A003E5558 /* DealingVC.swift */; };
		F0E8BEAB1AC9C46900A0AAD0 /* RequestDAO.swift in Sources */ = {isa = PBXBuildFile; fileRef = F0E8BEAA1AC9C46900A0AAD0 /* RequestDAO.swift */; };
		F0E8BEAD1AC9C4A700A0AAD0 /* ItemDAO.swift in Sources */ = {isa = PBXBuildFile; fileRef = F0E8BEAC1AC9C4A700A0AAD0 /* ItemDAO.swift */; };
		F0E8BEAF1AC9C4BB00A0AAD0 /* MessageDAO.swift in Sources */ = {isa = PBXBuildFile; fileRef = F0E8BEAE1AC9C4BB00A0AAD0 /* MessageDAO.swift */; };
		F0E8BEB11AC9C61200A0AAD0 /* ParseDAO.swift in Sources */ = {isa = PBXBuildFile; fileRef = F0E8BEB01AC9C61200A0AAD0 /* ParseDAO.swift */; };
		FB1A38791AC173AA00512311 /* User.swift in Sources */ = {isa = PBXBuildFile; fileRef = FB1A38781AC173AA00512311 /* User.swift */; };
		FB1A387B1AC1744500512311 /* Item.swift in Sources */ = {isa = PBXBuildFile; fileRef = FB1A387A1AC1744500512311 /* Item.swift */; };
		FB1A387D1AC1758A00512311 /* Message.swift in Sources */ = {isa = PBXBuildFile; fileRef = FB1A387C1AC1758A00512311 /* Message.swift */; };
		FB1A38881AC354CD00512311 /* UserDAO.swift in Sources */ = {isa = PBXBuildFile; fileRef = FB1A38871AC354CD00512311 /* UserDAO.swift */; };
/* End PBXBuildFile section */

/* Begin PBXContainerItemProxy section */
		F04BDD3D1AB76385001305C0 /* PBXContainerItemProxy */ = {
			isa = PBXContainerItemProxy;
			containerPortal = F04BDD1D1AB76385001305C0 /* Project object */;
			proxyType = 1;
			remoteGlobalIDString = F04BDD241AB76385001305C0;
			remoteInfo = LocalSharing;
		};
/* End PBXContainerItemProxy section */

/* Begin PBXFileReference section */
		37648AEC1AB7726D006058FE /* Parse.framework */ = {isa = PBXFileReference; lastKnownFileType = wrapper.framework; path = Parse.framework; sourceTree = "<group>"; };
		37648AEE1AB7727F006058FE /* Bolts.framework */ = {isa = PBXFileReference; lastKnownFileType = wrapper.framework; path = Bolts.framework; sourceTree = "<group>"; };
		37648AF01AB772A2006058FE /* Accounts.framework */ = {isa = PBXFileReference; lastKnownFileType = wrapper.framework; name = Accounts.framework; path = System/Library/Frameworks/Accounts.framework; sourceTree = SDKROOT; };
		37648AF21AB772AD006058FE /* AudioToolbox.framework */ = {isa = PBXFileReference; lastKnownFileType = wrapper.framework; name = AudioToolbox.framework; path = System/Library/Frameworks/AudioToolbox.framework; sourceTree = SDKROOT; };
		37648AF41AB772B4006058FE /* CFNetwork.framework */ = {isa = PBXFileReference; lastKnownFileType = wrapper.framework; name = CFNetwork.framework; path = System/Library/Frameworks/CFNetwork.framework; sourceTree = SDKROOT; };
		37648AF61AB772BD006058FE /* CoreGraphics.framework */ = {isa = PBXFileReference; lastKnownFileType = wrapper.framework; name = CoreGraphics.framework; path = System/Library/Frameworks/CoreGraphics.framework; sourceTree = SDKROOT; };
		37648AF81AB772C4006058FE /* CoreLocation.framework */ = {isa = PBXFileReference; lastKnownFileType = wrapper.framework; name = CoreLocation.framework; path = System/Library/Frameworks/CoreLocation.framework; sourceTree = SDKROOT; };
		37648AFA1AB772CB006058FE /* MobileCoreServices.framework */ = {isa = PBXFileReference; lastKnownFileType = wrapper.framework; name = MobileCoreServices.framework; path = System/Library/Frameworks/MobileCoreServices.framework; sourceTree = SDKROOT; };
		37648AFC1AB772D2006058FE /* QuartzCore.framework */ = {isa = PBXFileReference; lastKnownFileType = wrapper.framework; name = QuartzCore.framework; path = System/Library/Frameworks/QuartzCore.framework; sourceTree = SDKROOT; };
		37648AFE1AB772D9006058FE /* Security.framework */ = {isa = PBXFileReference; lastKnownFileType = wrapper.framework; name = Security.framework; path = System/Library/Frameworks/Security.framework; sourceTree = SDKROOT; };
		37648B001AB772E0006058FE /* Social.framework */ = {isa = PBXFileReference; lastKnownFileType = wrapper.framework; name = Social.framework; path = System/Library/Frameworks/Social.framework; sourceTree = SDKROOT; };
		37648B021AB772E8006058FE /* StoreKit.framework */ = {isa = PBXFileReference; lastKnownFileType = wrapper.framework; name = StoreKit.framework; path = System/Library/Frameworks/StoreKit.framework; sourceTree = SDKROOT; };
		37648B041AB772F1006058FE /* SystemConfiguration.framework */ = {isa = PBXFileReference; lastKnownFileType = wrapper.framework; name = SystemConfiguration.framework; path = System/Library/Frameworks/SystemConfiguration.framework; sourceTree = SDKROOT; };
		37648B061AB772FA006058FE /* libz.dylib */ = {isa = PBXFileReference; lastKnownFileType = "compiled.mach-o.dylib"; name = libz.dylib; path = usr/lib/libz.dylib; sourceTree = SDKROOT; };
		37648B081AB77303006058FE /* libsqlite3.dylib */ = {isa = PBXFileReference; lastKnownFileType = "compiled.mach-o.dylib"; name = libsqlite3.dylib; path = usr/lib/libsqlite3.dylib; sourceTree = SDKROOT; };
		37648B0A1AB77343006058FE /* LocalSharing-Bridging-Header.h */ = {isa = PBXFileReference; lastKnownFileType = sourcecode.c.h; path = "LocalSharing-Bridging-Header.h"; sourceTree = SOURCE_ROOT; };
		37648B0D1AB775ED006058FE /* FacebookSDK.framework */ = {isa = PBXFileReference; lastKnownFileType = wrapper.framework; path = FacebookSDK.framework; sourceTree = "<group>"; };
		37648B0F1AB78132006058FE /* ParseFacebookUtils.framework */ = {isa = PBXFileReference; lastKnownFileType = wrapper.framework; path = ParseFacebookUtils.framework; sourceTree = "<group>"; };
		F02877C21AB76A4000000DB7 /* RequestsVC.swift */ = {isa = PBXFileReference; fileEncoding = 4; lastKnownFileType = sourcecode.swift; path = RequestsVC.swift; sourceTree = "<group>"; };
		F02877C41AB76A6200000DB7 /* ChatTVC.swift */ = {isa = PBXFileReference; fileEncoding = 4; lastKnownFileType = sourcecode.swift; path = ChatTVC.swift; sourceTree = "<group>"; };
		F02877C61AB76AC400000DB7 /* ProfileVC.swift */ = {isa = PBXFileReference; fileEncoding = 4; lastKnownFileType = sourcecode.swift; path = ProfileVC.swift; sourceTree = "<group>"; };
		F04BDD251AB76385001305C0 /* LocalSharing.app */ = {isa = PBXFileReference; explicitFileType = wrapper.application; includeInIndex = 0; path = LocalSharing.app; sourceTree = BUILT_PRODUCTS_DIR; };
		F04BDD291AB76385001305C0 /* Info.plist */ = {isa = PBXFileReference; lastKnownFileType = text.plist.xml; path = Info.plist; sourceTree = "<group>"; };
		F04BDD2A1AB76385001305C0 /* AppDelegate.swift */ = {isa = PBXFileReference; lastKnownFileType = sourcecode.swift; path = AppDelegate.swift; sourceTree = "<group>"; };
		F04BDD311AB76385001305C0 /* Base */ = {isa = PBXFileReference; lastKnownFileType = file.storyboard; name = Base; path = Base.lproj/Main.storyboard; sourceTree = "<group>"; };
		F04BDD331AB76385001305C0 /* Images.xcassets */ = {isa = PBXFileReference; lastKnownFileType = folder.assetcatalog; path = Images.xcassets; sourceTree = "<group>"; };
		F04BDD361AB76385001305C0 /* Base */ = {isa = PBXFileReference; lastKnownFileType = file.xib; name = Base; path = Base.lproj/LaunchScreen.xib; sourceTree = "<group>"; };
		F04BDD3C1AB76385001305C0 /* LocalSharingTests.xctest */ = {isa = PBXFileReference; explicitFileType = wrapper.cfbundle; includeInIndex = 0; path = LocalSharingTests.xctest; sourceTree = BUILT_PRODUCTS_DIR; };
		F04BDD411AB76385001305C0 /* Info.plist */ = {isa = PBXFileReference; lastKnownFileType = text.plist.xml; path = Info.plist; sourceTree = "<group>"; };
		F04BDD421AB76385001305C0 /* LocalSharingTests.swift */ = {isa = PBXFileReference; lastKnownFileType = sourcecode.swift; path = LocalSharingTests.swift; sourceTree = "<group>"; };
		F0AE96871AB7834E005F36D8 /* LoginVC.swift */ = {isa = PBXFileReference; fileEncoding = 4; lastKnownFileType = sourcecode.swift; path = LoginVC.swift; sourceTree = "<group>"; };
		F0AE968B1AB88C1D005F36D8 /* RequestTVCell.swift */ = {isa = PBXFileReference; fileEncoding = 4; lastKnownFileType = sourcecode.swift; path = RequestTVCell.swift; sourceTree = "<group>"; };
		F0AE968D1AB8A99B005F36D8 /* Request.swift */ = {isa = PBXFileReference; fileEncoding = 4; lastKnownFileType = sourcecode.swift; path = Request.swift; sourceTree = "<group>"; };
		F0AE96901AB8CE65005F36D8 /* UserRequestsVC.swift */ = {isa = PBXFileReference; fileEncoding = 4; lastKnownFileType = sourcecode.swift; path = UserRequestsVC.swift; sourceTree = "<group>"; };
		F0B311741ACC7711003E5558 /* AlertVC.swift */ = {isa = PBXFileReference; fileEncoding = 4; lastKnownFileType = sourcecode.swift; path = AlertVC.swift; sourceTree = "<group>"; };
		F0B311761ACC905A003E5558 /* DealingVC.swift */ = {isa = PBXFileReference; fileEncoding = 4; lastKnownFileType = sourcecode.swift; path = DealingVC.swift; sourceTree = "<group>"; };
		F0E8BEAA1AC9C46900A0AAD0 /* RequestDAO.swift */ = {isa = PBXFileReference; fileEncoding = 4; lastKnownFileType = sourcecode.swift; path = RequestDAO.swift; sourceTree = "<group>"; };
		F0E8BEAC1AC9C4A700A0AAD0 /* ItemDAO.swift */ = {isa = PBXFileReference; fileEncoding = 4; lastKnownFileType = sourcecode.swift; path = ItemDAO.swift; sourceTree = "<group>"; };
		F0E8BEAE1AC9C4BB00A0AAD0 /* MessageDAO.swift */ = {isa = PBXFileReference; fileEncoding = 4; lastKnownFileType = sourcecode.swift; path = MessageDAO.swift; sourceTree = "<group>"; };
		F0E8BEB01AC9C61200A0AAD0 /* ParseDAO.swift */ = {isa = PBXFileReference; fileEncoding = 4; lastKnownFileType = sourcecode.swift; path = ParseDAO.swift; sourceTree = "<group>"; };
		FB1A38781AC173AA00512311 /* User.swift */ = {isa = PBXFileReference; fileEncoding = 4; lastKnownFileType = sourcecode.swift; path = User.swift; sourceTree = "<group>"; };
		FB1A387A1AC1744500512311 /* Item.swift */ = {isa = PBXFileReference; fileEncoding = 4; lastKnownFileType = sourcecode.swift; path = Item.swift; sourceTree = "<group>"; };
		FB1A387C1AC1758A00512311 /* Message.swift */ = {isa = PBXFileReference; fileEncoding = 4; lastKnownFileType = sourcecode.swift; path = Message.swift; sourceTree = "<group>"; };
		FB1A38871AC354CD00512311 /* UserDAO.swift */ = {isa = PBXFileReference; fileEncoding = 4; lastKnownFileType = sourcecode.swift; path = UserDAO.swift; sourceTree = "<group>"; };
/* End PBXFileReference section */

/* Begin PBXFrameworksBuildPhase section */
		F04BDD221AB76385001305C0 /* Frameworks */ = {
			isa = PBXFrameworksBuildPhase;
			buildActionMask = 2147483647;
			files = (
				37648B091AB77303006058FE /* libsqlite3.dylib in Frameworks */,
				37648B071AB772FB006058FE /* libz.dylib in Frameworks */,
				37648B051AB772F1006058FE /* SystemConfiguration.framework in Frameworks */,
				37648B031AB772E8006058FE /* StoreKit.framework in Frameworks */,
				37648B011AB772E0006058FE /* Social.framework in Frameworks */,
				37648B101AB78132006058FE /* ParseFacebookUtils.framework in Frameworks */,
				37648AFF1AB772D9006058FE /* Security.framework in Frameworks */,
				37648AFD1AB772D2006058FE /* QuartzCore.framework in Frameworks */,
				37648AFB1AB772CB006058FE /* MobileCoreServices.framework in Frameworks */,
				37648AF91AB772C4006058FE /* CoreLocation.framework in Frameworks */,
				37648AF71AB772BD006058FE /* CoreGraphics.framework in Frameworks */,
				37648AF51AB772B4006058FE /* CFNetwork.framework in Frameworks */,
				37648AF31AB772AD006058FE /* AudioToolbox.framework in Frameworks */,
				37648AF11AB772A2006058FE /* Accounts.framework in Frameworks */,
				37648AED1AB7726D006058FE /* Parse.framework in Frameworks */,
				37648AEF1AB7727F006058FE /* Bolts.framework in Frameworks */,
				37648B0E1AB775ED006058FE /* FacebookSDK.framework in Frameworks */,
			);
			runOnlyForDeploymentPostprocessing = 0;
		};
		F04BDD391AB76385001305C0 /* Frameworks */ = {
			isa = PBXFrameworksBuildPhase;
			buildActionMask = 2147483647;
			files = (
			);
			runOnlyForDeploymentPostprocessing = 0;
		};
/* End PBXFrameworksBuildPhase section */

/* Begin PBXGroup section */
		37648AEB1AB7724B006058FE /* Frameworks */ = {
			isa = PBXGroup;
			children = (
				37648B0D1AB775ED006058FE /* FacebookSDK.framework */,
				37648B081AB77303006058FE /* libsqlite3.dylib */,
				37648B061AB772FA006058FE /* libz.dylib */,
				37648B041AB772F1006058FE /* SystemConfiguration.framework */,
				37648B021AB772E8006058FE /* StoreKit.framework */,
				37648B001AB772E0006058FE /* Social.framework */,
				37648AFE1AB772D9006058FE /* Security.framework */,
				37648AFC1AB772D2006058FE /* QuartzCore.framework */,
				37648AFA1AB772CB006058FE /* MobileCoreServices.framework */,
				37648AF81AB772C4006058FE /* CoreLocation.framework */,
				37648AF61AB772BD006058FE /* CoreGraphics.framework */,
				37648AF41AB772B4006058FE /* CFNetwork.framework */,
				37648AF21AB772AD006058FE /* AudioToolbox.framework */,
				37648AF01AB772A2006058FE /* Accounts.framework */,
				37648AEE1AB7727F006058FE /* Bolts.framework */,
				37648AEC1AB7726D006058FE /* Parse.framework */,
				37648B0F1AB78132006058FE /* ParseFacebookUtils.framework */,
			);
			name = Frameworks;
			sourceTree = "<group>";
		};
		F04BDD1C1AB76385001305C0 = {
			isa = PBXGroup;
			children = (
				F04BDD271AB76385001305C0 /* LocalSharing */,
				F04BDD3F1AB76385001305C0 /* LocalSharingTests */,
				F04BDD261AB76385001305C0 /* Products */,
				37648AEB1AB7724B006058FE /* Frameworks */,
			);
			sourceTree = "<group>";
		};
		F04BDD261AB76385001305C0 /* Products */ = {
			isa = PBXGroup;
			children = (
				F04BDD251AB76385001305C0 /* LocalSharing.app */,
				F04BDD3C1AB76385001305C0 /* LocalSharingTests.xctest */,
			);
			name = Products;
			sourceTree = "<group>";
		};
		F04BDD271AB76385001305C0 /* LocalSharing */ = {
			isa = PBXGroup;
			children = (
				FB1A38861AC3543E00512311 /* DAO */,
				FB1A38771AC16F7B00512311 /* Model */,
				FB1A38801AC1793A00512311 /* Controller */,
				FB1A38811AC1867E00512311 /* View */,
				F04BDD2A1AB76385001305C0 /* AppDelegate.swift */,
				F04BDD351AB76385001305C0 /* LaunchScreen.xib */,
				37648B0A1AB77343006058FE /* LocalSharing-Bridging-Header.h */,
				F04BDD331AB76385001305C0 /* Images.xcassets */,
				F04BDD281AB76385001305C0 /* Supporting Files */,
			);
			path = LocalSharing;
			sourceTree = "<group>";
		};
		F04BDD281AB76385001305C0 /* Supporting Files */ = {
			isa = PBXGroup;
			children = (
				F04BDD291AB76385001305C0 /* Info.plist */,
			);
			name = "Supporting Files";
			sourceTree = "<group>";
		};
		F04BDD3F1AB76385001305C0 /* LocalSharingTests */ = {
			isa = PBXGroup;
			children = (
				F04BDD421AB76385001305C0 /* LocalSharingTests.swift */,
				F04BDD401AB76385001305C0 /* Supporting Files */,
			);
			path = LocalSharingTests;
			sourceTree = "<group>";
		};
		F04BDD401AB76385001305C0 /* Supporting Files */ = {
			isa = PBXGroup;
			children = (
				F04BDD411AB76385001305C0 /* Info.plist */,
			);
			name = "Supporting Files";
			sourceTree = "<group>";
		};
		FB1A38771AC16F7B00512311 /* Model */ = {
			isa = PBXGroup;
			children = (
				FB1A38781AC173AA00512311 /* User.swift */,
				F0AE968D1AB8A99B005F36D8 /* Request.swift */,
				FB1A387A1AC1744500512311 /* Item.swift */,
				FB1A387C1AC1758A00512311 /* Message.swift */,
			);
			name = Model;
			sourceTree = "<group>";
		};
		FB1A38801AC1793A00512311 /* Controller */ = {
			isa = PBXGroup;
			children = (
				F0AE968B1AB88C1D005F36D8 /* RequestTVCell.swift */,
				F0AE96871AB7834E005F36D8 /* LoginVC.swift */,
				F02877C21AB76A4000000DB7 /* RequestsVC.swift */,
				F0AE96901AB8CE65005F36D8 /* UserRequestsVC.swift */,
				F02877C41AB76A6200000DB7 /* ChatTVC.swift */,
				F02877C61AB76AC400000DB7 /* ProfileVC.swift */,
				F0B311761ACC905A003E5558 /* DealingVC.swift */,
				F0B311741ACC7711003E5558 /* AlertVC.swift */,
			);
			name = Controller;
			sourceTree = "<group>";
		};
		FB1A38811AC1867E00512311 /* View */ = {
			isa = PBXGroup;
			children = (
				F04BDD301AB76385001305C0 /* Main.storyboard */,
			);
			name = View;
			sourceTree = "<group>";
		};
		FB1A38861AC3543E00512311 /* DAO */ = {
			isa = PBXGroup;
			children = (
				F0E8BEB01AC9C61200A0AAD0 /* ParseDAO.swift */,
				FB1A38871AC354CD00512311 /* UserDAO.swift */,
				F0E8BEAA1AC9C46900A0AAD0 /* RequestDAO.swift */,
				F0E8BEAC1AC9C4A700A0AAD0 /* ItemDAO.swift */,
				F0E8BEAE1AC9C4BB00A0AAD0 /* MessageDAO.swift */,
			);
			name = DAO;
			sourceTree = "<group>";
		};
/* End PBXGroup section */

/* Begin PBXNativeTarget section */
		F04BDD241AB76385001305C0 /* LocalSharing */ = {
			isa = PBXNativeTarget;
			buildConfigurationList = F04BDD461AB76385001305C0 /* Build configuration list for PBXNativeTarget "LocalSharing" */;
			buildPhases = (
				F04BDD211AB76385001305C0 /* Sources */,
				F04BDD221AB76385001305C0 /* Frameworks */,
				F04BDD231AB76385001305C0 /* Resources */,
			);
			buildRules = (
			);
			dependencies = (
			);
			name = LocalSharing;
			productName = LocalSharing;
			productReference = F04BDD251AB76385001305C0 /* LocalSharing.app */;
			productType = "com.apple.product-type.application";
		};
		F04BDD3B1AB76385001305C0 /* LocalSharingTests */ = {
			isa = PBXNativeTarget;
			buildConfigurationList = F04BDD491AB76385001305C0 /* Build configuration list for PBXNativeTarget "LocalSharingTests" */;
			buildPhases = (
				F04BDD381AB76385001305C0 /* Sources */,
				F04BDD391AB76385001305C0 /* Frameworks */,
				F04BDD3A1AB76385001305C0 /* Resources */,
			);
			buildRules = (
			);
			dependencies = (
				F04BDD3E1AB76385001305C0 /* PBXTargetDependency */,
			);
			name = LocalSharingTests;
			productName = LocalSharingTests;
			productReference = F04BDD3C1AB76385001305C0 /* LocalSharingTests.xctest */;
			productType = "com.apple.product-type.bundle.unit-test";
		};
/* End PBXNativeTarget section */

/* Begin PBXProject section */
		F04BDD1D1AB76385001305C0 /* Project object */ = {
			isa = PBXProject;
			attributes = {
				LastUpgradeCheck = 0620;
				ORGANIZATIONNAME = "Ana Carolina Cabral";
				TargetAttributes = {
					F04BDD241AB76385001305C0 = {
						CreatedOnToolsVersion = 6.2;
					};
					F04BDD3B1AB76385001305C0 = {
						CreatedOnToolsVersion = 6.2;
						TestTargetID = F04BDD241AB76385001305C0;
					};
				};
			};
			buildConfigurationList = F04BDD201AB76385001305C0 /* Build configuration list for PBXProject "LocalSharing" */;
			compatibilityVersion = "Xcode 3.2";
			developmentRegion = English;
			hasScannedForEncodings = 0;
			knownRegions = (
				en,
				Base,
			);
			mainGroup = F04BDD1C1AB76385001305C0;
			productRefGroup = F04BDD261AB76385001305C0 /* Products */;
			projectDirPath = "";
			projectRoot = "";
			targets = (
				F04BDD241AB76385001305C0 /* LocalSharing */,
				F04BDD3B1AB76385001305C0 /* LocalSharingTests */,
			);
		};
/* End PBXProject section */

/* Begin PBXResourcesBuildPhase section */
		F04BDD231AB76385001305C0 /* Resources */ = {
			isa = PBXResourcesBuildPhase;
			buildActionMask = 2147483647;
			files = (
				F04BDD321AB76385001305C0 /* Main.storyboard in Resources */,
				F04BDD371AB76385001305C0 /* LaunchScreen.xib in Resources */,
				F04BDD341AB76385001305C0 /* Images.xcassets in Resources */,
			);
			runOnlyForDeploymentPostprocessing = 0;
		};
		F04BDD3A1AB76385001305C0 /* Resources */ = {
			isa = PBXResourcesBuildPhase;
			buildActionMask = 2147483647;
			files = (
			);
			runOnlyForDeploymentPostprocessing = 0;
		};
/* End PBXResourcesBuildPhase section */

/* Begin PBXSourcesBuildPhase section */
		F04BDD211AB76385001305C0 /* Sources */ = {
			isa = PBXSourcesBuildPhase;
			buildActionMask = 2147483647;
			files = (
				FB1A387B1AC1744500512311 /* Item.swift in Sources */,
				F0AE968F1AB8C0B8005F36D8 /* RequestTVCell.swift in Sources */,
				FB1A38881AC354CD00512311 /* UserDAO.swift in Sources */,
				F0E8BEAB1AC9C46900A0AAD0 /* RequestDAO.swift in Sources */,
				F02877C51AB76A6200000DB7 /* ChatTVC.swift in Sources */,
				F02877C71AB76AC400000DB7 /* ProfileVC.swift in Sources */,
				F02877C31AB76A4000000DB7 /* RequestsVC.swift in Sources */,
				F0AE968E1AB8A99B005F36D8 /* Request.swift in Sources */,
				F0E8BEB11AC9C61200A0AAD0 /* ParseDAO.swift in Sources */,
				F0B311771ACC905A003E5558 /* DealingVC.swift in Sources */,
				FB1A387D1AC1758A00512311 /* Message.swift in Sources */,
				F0E8BEAF1AC9C4BB00A0AAD0 /* MessageDAO.swift in Sources */,
				F0B311751ACC7711003E5558 /* AlertVC.swift in Sources */,
				FB1A38791AC173AA00512311 /* User.swift in Sources */,
				F04BDD2B1AB76385001305C0 /* AppDelegate.swift in Sources */,
				F0AE96911AB8CE65005F36D8 /* UserRequestsVC.swift in Sources */,
				F0AE96881AB7834E005F36D8 /* LoginVC.swift in Sources */,
				F0E8BEAD1AC9C4A700A0AAD0 /* ItemDAO.swift in Sources */,
			);
			runOnlyForDeploymentPostprocessing = 0;
		};
		F04BDD381AB76385001305C0 /* Sources */ = {
			isa = PBXSourcesBuildPhase;
			buildActionMask = 2147483647;
			files = (
				F04BDD431AB76385001305C0 /* LocalSharingTests.swift in Sources */,
			);
			runOnlyForDeploymentPostprocessing = 0;
		};
/* End PBXSourcesBuildPhase section */

/* Begin PBXTargetDependency section */
		F04BDD3E1AB76385001305C0 /* PBXTargetDependency */ = {
			isa = PBXTargetDependency;
			target = F04BDD241AB76385001305C0 /* LocalSharing */;
			targetProxy = F04BDD3D1AB76385001305C0 /* PBXContainerItemProxy */;
		};
/* End PBXTargetDependency section */

/* Begin PBXVariantGroup section */
		F04BDD301AB76385001305C0 /* Main.storyboard */ = {
			isa = PBXVariantGroup;
			children = (
				F04BDD311AB76385001305C0 /* Base */,
			);
			name = Main.storyboard;
			sourceTree = "<group>";
		};
		F04BDD351AB76385001305C0 /* LaunchScreen.xib */ = {
			isa = PBXVariantGroup;
			children = (
				F04BDD361AB76385001305C0 /* Base */,
			);
			name = LaunchScreen.xib;
			sourceTree = "<group>";
		};
/* End PBXVariantGroup section */

/* Begin XCBuildConfiguration section */
		F04BDD441AB76385001305C0 /* Debug */ = {
			isa = XCBuildConfiguration;
			buildSettings = {
				ALWAYS_SEARCH_USER_PATHS = NO;
				CLANG_CXX_LANGUAGE_STANDARD = "gnu++0x";
				CLANG_CXX_LIBRARY = "libc++";
				CLANG_ENABLE_MODULES = YES;
				CLANG_ENABLE_OBJC_ARC = YES;
				CLANG_WARN_BOOL_CONVERSION = YES;
				CLANG_WARN_CONSTANT_CONVERSION = YES;
				CLANG_WARN_DIRECT_OBJC_ISA_USAGE = YES_ERROR;
				CLANG_WARN_EMPTY_BODY = YES;
				CLANG_WARN_ENUM_CONVERSION = YES;
				CLANG_WARN_INT_CONVERSION = YES;
				CLANG_WARN_OBJC_ROOT_CLASS = YES_ERROR;
				CLANG_WARN_UNREACHABLE_CODE = YES;
				CLANG_WARN__DUPLICATE_METHOD_MATCH = YES;
				"CODE_SIGN_IDENTITY[sdk=iphoneos*]" = "iPhone Developer";
				COPY_PHASE_STRIP = NO;
				ENABLE_STRICT_OBJC_MSGSEND = YES;
				GCC_C_LANGUAGE_STANDARD = gnu99;
				GCC_DYNAMIC_NO_PIC = NO;
				GCC_OPTIMIZATION_LEVEL = 0;
				GCC_PREPROCESSOR_DEFINITIONS = (
					"DEBUG=1",
					"$(inherited)",
				);
				GCC_SYMBOLS_PRIVATE_EXTERN = NO;
				GCC_WARN_64_TO_32_BIT_CONVERSION = YES;
				GCC_WARN_ABOUT_RETURN_TYPE = YES_ERROR;
				GCC_WARN_UNDECLARED_SELECTOR = YES;
				GCC_WARN_UNINITIALIZED_AUTOS = YES_AGGRESSIVE;
				GCC_WARN_UNUSED_FUNCTION = YES;
				GCC_WARN_UNUSED_VARIABLE = YES;
				IPHONEOS_DEPLOYMENT_TARGET = 8.2;
				MTL_ENABLE_DEBUG_INFO = YES;
				ONLY_ACTIVE_ARCH = YES;
				SDKROOT = iphoneos;
				SWIFT_OPTIMIZATION_LEVEL = "-Onone";
			};
			name = Debug;
		};
		F04BDD451AB76385001305C0 /* Release */ = {
			isa = XCBuildConfiguration;
			buildSettings = {
				ALWAYS_SEARCH_USER_PATHS = NO;
				CLANG_CXX_LANGUAGE_STANDARD = "gnu++0x";
				CLANG_CXX_LIBRARY = "libc++";
				CLANG_ENABLE_MODULES = YES;
				CLANG_ENABLE_OBJC_ARC = YES;
				CLANG_WARN_BOOL_CONVERSION = YES;
				CLANG_WARN_CONSTANT_CONVERSION = YES;
				CLANG_WARN_DIRECT_OBJC_ISA_USAGE = YES_ERROR;
				CLANG_WARN_EMPTY_BODY = YES;
				CLANG_WARN_ENUM_CONVERSION = YES;
				CLANG_WARN_INT_CONVERSION = YES;
				CLANG_WARN_OBJC_ROOT_CLASS = YES_ERROR;
				CLANG_WARN_UNREACHABLE_CODE = YES;
				CLANG_WARN__DUPLICATE_METHOD_MATCH = YES;
				"CODE_SIGN_IDENTITY[sdk=iphoneos*]" = "iPhone Developer";
				COPY_PHASE_STRIP = NO;
				ENABLE_NS_ASSERTIONS = NO;
				ENABLE_STRICT_OBJC_MSGSEND = YES;
				GCC_C_LANGUAGE_STANDARD = gnu99;
				GCC_WARN_64_TO_32_BIT_CONVERSION = YES;
				GCC_WARN_ABOUT_RETURN_TYPE = YES_ERROR;
				GCC_WARN_UNDECLARED_SELECTOR = YES;
				GCC_WARN_UNINITIALIZED_AUTOS = YES_AGGRESSIVE;
				GCC_WARN_UNUSED_FUNCTION = YES;
				GCC_WARN_UNUSED_VARIABLE = YES;
				IPHONEOS_DEPLOYMENT_TARGET = 8.2;
				MTL_ENABLE_DEBUG_INFO = NO;
				SDKROOT = iphoneos;
				VALIDATE_PRODUCT = YES;
			};
			name = Release;
		};
		F04BDD471AB76385001305C0 /* Debug */ = {
			isa = XCBuildConfiguration;
			buildSettings = {
				ASSETCATALOG_COMPILER_APPICON_NAME = AppIcon;
				CLANG_ENABLE_MODULES = YES;
				FRAMEWORK_SEARCH_PATHS = (
					"$(inherited)",
					"$(PROJECT_DIR)",
				);
				INFOPLIST_FILE = LocalSharing/Info.plist;
				LD_RUNPATH_SEARCH_PATHS = "$(inherited) @executable_path/Frameworks";
				PRODUCT_NAME = "$(TARGET_NAME)";
				SWIFT_OBJC_BRIDGING_HEADER = "LocalSharing-Bridging-Header.h";
				SWIFT_OPTIMIZATION_LEVEL = "-Onone";
			};
			name = Debug;
		};
		F04BDD481AB76385001305C0 /* Release */ = {
			isa = XCBuildConfiguration;
			buildSettings = {
				ASSETCATALOG_COMPILER_APPICON_NAME = AppIcon;
				CLANG_ENABLE_MODULES = YES;
				FRAMEWORK_SEARCH_PATHS = (
					"$(inherited)",
					"$(PROJECT_DIR)",
				);
				INFOPLIST_FILE = LocalSharing/Info.plist;
				LD_RUNPATH_SEARCH_PATHS = "$(inherited) @executable_path/Frameworks";
				PRODUCT_NAME = "$(TARGET_NAME)";
				SWIFT_OBJC_BRIDGING_HEADER = "LocalSharing-Bridging-Header.h";
			};
			name = Release;
		};
		F04BDD4A1AB76385001305C0 /* Debug */ = {
			isa = XCBuildConfiguration;
			buildSettings = {
				BUNDLE_LOADER = "$(TEST_HOST)";
				FRAMEWORK_SEARCH_PATHS = (
					"$(SDKROOT)/Developer/Library/Frameworks",
					"$(inherited)",
				);
				GCC_PREPROCESSOR_DEFINITIONS = (
					"DEBUG=1",
					"$(inherited)",
				);
				INFOPLIST_FILE = LocalSharingTests/Info.plist;
				LD_RUNPATH_SEARCH_PATHS = "$(inherited) @executable_path/Frameworks @loader_path/Frameworks";
				PRODUCT_NAME = "$(TARGET_NAME)";
				TEST_HOST = "$(BUILT_PRODUCTS_DIR)/LocalSharing.app/LocalSharing";
			};
			name = Debug;
		};
		F04BDD4B1AB76385001305C0 /* Release */ = {
			isa = XCBuildConfiguration;
			buildSettings = {
				BUNDLE_LOADER = "$(TEST_HOST)";
				FRAMEWORK_SEARCH_PATHS = (
					"$(SDKROOT)/Developer/Library/Frameworks",
					"$(inherited)",
				);
				INFOPLIST_FILE = LocalSharingTests/Info.plist;
				LD_RUNPATH_SEARCH_PATHS = "$(inherited) @executable_path/Frameworks @loader_path/Frameworks";
				PRODUCT_NAME = "$(TARGET_NAME)";
				TEST_HOST = "$(BUILT_PRODUCTS_DIR)/LocalSharing.app/LocalSharing";
			};
			name = Release;
		};
/* End XCBuildConfiguration section */

/* Begin XCConfigurationList section */
		F04BDD201AB76385001305C0 /* Build configuration list for PBXProject "LocalSharing" */ = {
			isa = XCConfigurationList;
			buildConfigurations = (
				F04BDD441AB76385001305C0 /* Debug */,
				F04BDD451AB76385001305C0 /* Release */,
			);
			defaultConfigurationIsVisible = 0;
			defaultConfigurationName = Release;
		};
		F04BDD461AB76385001305C0 /* Build configuration list for PBXNativeTarget "LocalSharing" */ = {
			isa = XCConfigurationList;
			buildConfigurations = (
				F04BDD471AB76385001305C0 /* Debug */,
				F04BDD481AB76385001305C0 /* Release */,
			);
			defaultConfigurationIsVisible = 0;
			defaultConfigurationName = Release;
		};
		F04BDD491AB76385001305C0 /* Build configuration list for PBXNativeTarget "LocalSharingTests" */ = {
			isa = XCConfigurationList;
			buildConfigurations = (
				F04BDD4A1AB76385001305C0 /* Debug */,
				F04BDD4B1AB76385001305C0 /* Release */,
			);
			defaultConfigurationIsVisible = 0;
			defaultConfigurationName = Release;
		};
/* End XCConfigurationList section */
	};
	rootObject = F04BDD1D1AB76385001305C0 /* Project object */;
}
